
Microsoft Visual Studio Solution File, Format Version 12.00
# Visual Studio Version 16
VisualStudioVersion = 16.0.30204.135
MinimumVisualStudioVersion = 10.0.40219.1
Project("{FAE04EC0-301F-11D3-BF4B-00C04F79EFBC}") = "DataVisualization", "DataVisualization.csproj", "{60DF8D2A-B342-44FB-A897-8A84EAE70CAD}"
EndProject
Global
	GlobalSection(SolutionConfigurationPlatforms) = preSolution
		Debug|Any CPU = Debug|Any CPU
		Release|Any CPU = Release|Any CPU
	EndGlobalSection
	GlobalSection(ProjectConfigurationPlatforms) = postSolution
		{60DF8D2A-B342-44FB-A897-8A84EAE70CAD}.Debug|Any CPU.ActiveCfg = Debug|Any CPU
		{60DF8D2A-B342-44FB-A897-8A84EAE70CAD}.Debug|Any CPU.Build.0 = Debug|Any CPU
		{60DF8D2A-B342-44FB-A897-8A84EAE70CAD}.Release|Any CPU.ActiveCfg = Release|Any CPU
		{60DF8D2A-B342-44FB-A897-8A84EAE70CAD}.Release|Any CPU.Build.0 = Release|Any CPU
	EndGlobalSection
	GlobalSection(SolutionProperties) = preSolution
		HideSolutionNode = FALSE
	EndGlobalSection
	GlobalSection(ExtensibilityGlobals) = postSolution
		SolutionGuid = {8CCBA046-D900-4533-AABB-E6AFDA1594F0}
	EndGlobalSection
EndGlobal
